// !$*UTF8*$!
{
	archiveVersion = 1;
	classes = {
	};
	objectVersion = 46;
	objects = {

/* Begin PBXBuildFile section */
		D996B9FC54D4D0192FE6494C /* libPods-YOUTIR.a in Frameworks */ = {isa = PBXBuildFile; fileRef = B990248AF1ACC8ECBAD8DEB9 /* libPods-YOUTIR.a */; };
		E234771B1AEFB88E00ADE6C4 /* CarrierModel.swift in Sources */ = {isa = PBXBuildFile; fileRef = E234771A1AEFB88E00ADE6C4 /* CarrierModel.swift */; };
		E234771F1AF12DFC00ADE6C4 /* Comments.swift in Sources */ = {isa = PBXBuildFile; fileRef = E234771E1AF12DFC00ADE6C4 /* Comments.swift */; };
		E23D2E091AD3E8CF00C873FD /* AppDelegate.swift in Sources */ = {isa = PBXBuildFile; fileRef = E23D2E081AD3E8CF00C873FD /* AppDelegate.swift */; };
		E23D2E0E1AD3E8CF00C873FD /* Main.storyboard in Resources */ = {isa = PBXBuildFile; fileRef = E23D2E0C1AD3E8CF00C873FD /* Main.storyboard */; };
		E23D2E101AD3E8CF00C873FD /* Images.xcassets in Resources */ = {isa = PBXBuildFile; fileRef = E23D2E0F1AD3E8CF00C873FD /* Images.xcassets */; };
		E23D2E131AD3E8CF00C873FD /* LaunchScreen.xib in Resources */ = {isa = PBXBuildFile; fileRef = E23D2E111AD3E8CF00C873FD /* LaunchScreen.xib */; };
		E23D2E1F1AD3E8CF00C873FD /* YOUTIRTests.swift in Sources */ = {isa = PBXBuildFile; fileRef = E23D2E1E1AD3E8CF00C873FD /* YOUTIRTests.swift */; };
		E24B7C5C1AD9AAB20026E63B /* QuotesFeedViewController.swift in Sources */ = {isa = PBXBuildFile; fileRef = E24B7C5B1AD9AAB20026E63B /* QuotesFeedViewController.swift */; };
		E24B7C5E1ADA9EE90026E63B /* QuoteTableViewCell.swift in Sources */ = {isa = PBXBuildFile; fileRef = E24B7C5D1ADA9EE90026E63B /* QuoteTableViewCell.swift */; };
		E24B7C601ADADEFE0026E63B /* QuoteModel.swift in Sources */ = {isa = PBXBuildFile; fileRef = E24B7C5F1ADADEFE0026E63B /* QuoteModel.swift */; };
		E24B7C631ADB17A30026E63B /* carrierName1.png in Resources */ = {isa = PBXBuildFile; fileRef = E24B7C611ADB17A30026E63B /* carrierName1.png */; };
		E24B7C641ADB17A30026E63B /* carrierName2.png in Resources */ = {isa = PBXBuildFile; fileRef = E24B7C621ADB17A30026E63B /* carrierName2.png */; };
		E2A3E0721C48138B00733815 /* Alamofire.framework in Frameworks */ = {isa = PBXBuildFile; fileRef = E2A3E0651C48129C00733815 /* Alamofire.framework */; };
		E2A3E0731C48138B00733815 /* Alamofire.framework in Embed Frameworks */ = {isa = PBXBuildFile; fileRef = E2A3E0651C48129C00733815 /* Alamofire.framework */; settings = {ATTRIBUTES = (CodeSignOnCopy, RemoveHeadersOnCopy, ); }; };
		E2B995771AFCA6A20031255F /* RequestFormTableViewController.swift in Sources */ = {isa = PBXBuildFile; fileRef = E2B995761AFCA6A20031255F /* RequestFormTableViewController.swift */; };
		E2D1C5771AE512FE00DBB3A8 /* RequestModel.swift in Sources */ = {isa = PBXBuildFile; fileRef = E2D1C5761AE512FE00DBB3A8 /* RequestModel.swift */; };
		E2DD42DE1AF6413700A4F51D /* LoginViewController.swift in Sources */ = {isa = PBXBuildFile; fileRef = E2DD42DD1AF6413700A4F51D /* LoginViewController.swift */; };
		E2DD42E01AF6474800A4F51D /* SignUpViewController.swift in Sources */ = {isa = PBXBuildFile; fileRef = E2DD42DF1AF6474800A4F51D /* SignUpViewController.swift */; };
		E2EDCB2B1AFE0B6D0015D241 /* DetailTableViewController.swift in Sources */ = {isa = PBXBuildFile; fileRef = E2EDCB2A1AFE0B6D0015D241 /* DetailTableViewController.swift */; };
		E2EF572E1C4EC2AE00F81274 /* QuoteManager.swift in Sources */ = {isa = PBXBuildFile; fileRef = E2EF572D1C4EC2AE00F81274 /* QuoteManager.swift */; };
		E2EF57361C4EC58C00F81274 /* ManagerViewController.swift in Sources */ = {isa = PBXBuildFile; fileRef = E2EF57351C4EC58C00F81274 /* ManagerViewController.swift */; };
		E2EF57381C53A10100F81274 /* DellinCarrierModel.swift in Sources */ = {isa = PBXBuildFile; fileRef = E2EF57371C53A10100F81274 /* DellinCarrierModel.swift */; };
		E2FAC33D1C4B8FF0007B48AD /* TestFeaturesViewController.swift in Sources */ = {isa = PBXBuildFile; fileRef = E2FAC33C1C4B8FF0007B48AD /* TestFeaturesViewController.swift */; };
		E2FAC3491C4D15E0007B48AD /* Request.swift in Sources */ = {isa = PBXBuildFile; fileRef = E2FAC3481C4D15E0007B48AD /* Request.swift */; };
		E2FAC34B1C4D17AE007B48AD /* QuoteProviderProtocol.swift in Sources */ = {isa = PBXBuildFile; fileRef = E2FAC34A1C4D17AE007B48AD /* QuoteProviderProtocol.swift */; };
		E2FAC34D1C4D19CC007B48AD /* Quote.swift in Sources */ = {isa = PBXBuildFile; fileRef = E2FAC34C1C4D19CC007B48AD /* Quote.swift */; };
		E2FAC34F1C4D2493007B48AD /* Carrier.swift in Sources */ = {isa = PBXBuildFile; fileRef = E2FAC34E1C4D2493007B48AD /* Carrier.swift */; };
		E2FAC3511C4D2B72007B48AD /* PecomCarrierModel.swift in Sources */ = {isa = PBXBuildFile; fileRef = E2FAC3501C4D2B72007B48AD /* PecomCarrierModel.swift */; };
/* End PBXBuildFile section */

/* Begin PBXContainerItemProxy section */
		E23D2E191AD3E8CF00C873FD /* PBXContainerItemProxy */ = {
			isa = PBXContainerItemProxy;
			containerPortal = E23D2DFB1AD3E8CF00C873FD /* Project object */;
			proxyType = 1;
			remoteGlobalIDString = E23D2E021AD3E8CF00C873FD;
			remoteInfo = YOUTIR;
		};
		E2A3E0641C48129C00733815 /* PBXContainerItemProxy */ = {
			isa = PBXContainerItemProxy;
			containerPortal = E2A3E05A1C48129C00733815 /* Alamofire.xcodeproj */;
			proxyType = 2;
			remoteGlobalIDString = F8111E3319A95C8B0040E7D1;
			remoteInfo = "Alamofire iOS";
		};
		E2A3E0661C48129C00733815 /* PBXContainerItemProxy */ = {
			isa = PBXContainerItemProxy;
			containerPortal = E2A3E05A1C48129C00733815 /* Alamofire.xcodeproj */;
			proxyType = 2;
			remoteGlobalIDString = F8111E3E19A95C8B0040E7D1;
			remoteInfo = "Alamofire iOS Tests";
		};
		E2A3E0681C48129C00733815 /* PBXContainerItemProxy */ = {
			isa = PBXContainerItemProxy;
			containerPortal = E2A3E05A1C48129C00733815 /* Alamofire.xcodeproj */;
			proxyType = 2;
			remoteGlobalIDString = 4DD67C0B1A5C55C900ED2280;
			remoteInfo = "Alamofire OSX";
		};
		E2A3E06A1C48129C00733815 /* PBXContainerItemProxy */ = {
			isa = PBXContainerItemProxy;
			containerPortal = E2A3E05A1C48129C00733815 /* Alamofire.xcodeproj */;
			proxyType = 2;
			remoteGlobalIDString = F829C6B21A7A94F100A2CD59;
			remoteInfo = "Alamofire OSX Tests";
		};
		E2A3E06C1C48129C00733815 /* PBXContainerItemProxy */ = {
			isa = PBXContainerItemProxy;
			containerPortal = E2A3E05A1C48129C00733815 /* Alamofire.xcodeproj */;
			proxyType = 2;
			remoteGlobalIDString = 4CF626EF1BA7CB3E0011A099;
			remoteInfo = "Alamofire tvOS";
		};
		E2A3E06E1C48129C00733815 /* PBXContainerItemProxy */ = {
			isa = PBXContainerItemProxy;
			containerPortal = E2A3E05A1C48129C00733815 /* Alamofire.xcodeproj */;
			proxyType = 2;
			remoteGlobalIDString = 4CF626F81BA7CB3E0011A099;
			remoteInfo = "Alamofire tvOS Tests";
		};
		E2A3E0701C48129C00733815 /* PBXContainerItemProxy */ = {
			isa = PBXContainerItemProxy;
			containerPortal = E2A3E05A1C48129C00733815 /* Alamofire.xcodeproj */;
			proxyType = 2;
			remoteGlobalIDString = E4202FE01B667AA100C997FB;
			remoteInfo = "Alamofire watchOS";
		};
		E2A3E0741C48138B00733815 /* PBXContainerItemProxy */ = {
			isa = PBXContainerItemProxy;
			containerPortal = E2A3E05A1C48129C00733815 /* Alamofire.xcodeproj */;
			proxyType = 1;
			remoteGlobalIDString = F8111E3219A95C8B0040E7D1;
			remoteInfo = "Alamofire iOS";
		};
/* End PBXContainerItemProxy section */

/* Begin PBXCopyFilesBuildPhase section */
		E2A3E0761C48138C00733815 /* Embed Frameworks */ = {
			isa = PBXCopyFilesBuildPhase;
			buildActionMask = 2147483647;
			dstPath = "";
			dstSubfolderSpec = 10;
			files = (
				E2A3E0731C48138B00733815 /* Alamofire.framework in Embed Frameworks */,
			);
			name = "Embed Frameworks";
			runOnlyForDeploymentPostprocessing = 0;
		};
/* End PBXCopyFilesBuildPhase section */

/* Begin PBXFileReference section */
		82D2AAB7B27B62E3E8999983 /* Pods-YOUTIR.debug.xcconfig */ = {isa = PBXFileReference; includeInIndex = 1; lastKnownFileType = text.xcconfig; name = "Pods-YOUTIR.debug.xcconfig"; path = "Pods/Target Support Files/Pods-YOUTIR/Pods-YOUTIR.debug.xcconfig"; sourceTree = "<group>"; };
		B1A9AAD46699B2AC02EBFC88 /* Pods-YOUTIR.release.xcconfig */ = {isa = PBXFileReference; includeInIndex = 1; lastKnownFileType = text.xcconfig; name = "Pods-YOUTIR.release.xcconfig"; path = "Pods/Target Support Files/Pods-YOUTIR/Pods-YOUTIR.release.xcconfig"; sourceTree = "<group>"; };
		B990248AF1ACC8ECBAD8DEB9 /* libPods-YOUTIR.a */ = {isa = PBXFileReference; explicitFileType = archive.ar; includeInIndex = 0; path = "libPods-YOUTIR.a"; sourceTree = BUILT_PRODUCTS_DIR; };
		E234771A1AEFB88E00ADE6C4 /* CarrierModel.swift */ = {isa = PBXFileReference; fileEncoding = 4; lastKnownFileType = sourcecode.swift; path = CarrierModel.swift; sourceTree = "<group>"; };
		E234771E1AF12DFC00ADE6C4 /* Comments.swift */ = {isa = PBXFileReference; fileEncoding = 4; lastKnownFileType = sourcecode.swift; path = Comments.swift; sourceTree = "<group>"; };
		E23D2E031AD3E8CF00C873FD /* YOUTIR.app */ = {isa = PBXFileReference; explicitFileType = wrapper.application; includeInIndex = 0; path = YOUTIR.app; sourceTree = BUILT_PRODUCTS_DIR; };
		E23D2E071AD3E8CF00C873FD /* Info.plist */ = {isa = PBXFileReference; lastKnownFileType = text.plist.xml; path = Info.plist; sourceTree = "<group>"; };
		E23D2E081AD3E8CF00C873FD /* AppDelegate.swift */ = {isa = PBXFileReference; lastKnownFileType = sourcecode.swift; path = AppDelegate.swift; sourceTree = "<group>"; };
		E23D2E0D1AD3E8CF00C873FD /* Base */ = {isa = PBXFileReference; lastKnownFileType = file.storyboard; name = Base; path = Base.lproj/Main.storyboard; sourceTree = "<group>"; };
		E23D2E0F1AD3E8CF00C873FD /* Images.xcassets */ = {isa = PBXFileReference; lastKnownFileType = folder.assetcatalog; path = Images.xcassets; sourceTree = "<group>"; };
		E23D2E121AD3E8CF00C873FD /* Base */ = {isa = PBXFileReference; lastKnownFileType = file.xib; name = Base; path = Base.lproj/LaunchScreen.xib; sourceTree = "<group>"; };
		E23D2E181AD3E8CF00C873FD /* YOUTIRTests.xctest */ = {isa = PBXFileReference; explicitFileType = wrapper.cfbundle; includeInIndex = 0; path = YOUTIRTests.xctest; sourceTree = BUILT_PRODUCTS_DIR; };
		E23D2E1D1AD3E8CF00C873FD /* Info.plist */ = {isa = PBXFileReference; lastKnownFileType = text.plist.xml; path = Info.plist; sourceTree = "<group>"; };
		E23D2E1E1AD3E8CF00C873FD /* YOUTIRTests.swift */ = {isa = PBXFileReference; lastKnownFileType = sourcecode.swift; path = YOUTIRTests.swift; sourceTree = "<group>"; };
		E23D2E421AD3FA5700C873FD /* YOUTIR-Bridging-Header.h */ = {isa = PBXFileReference; lastKnownFileType = sourcecode.c.h; path = "YOUTIR-Bridging-Header.h"; sourceTree = "<group>"; };
		E24B7C5B1AD9AAB20026E63B /* QuotesFeedViewController.swift */ = {isa = PBXFileReference; fileEncoding = 4; lastKnownFileType = sourcecode.swift; path = QuotesFeedViewController.swift; sourceTree = "<group>"; };
		E24B7C5D1ADA9EE90026E63B /* QuoteTableViewCell.swift */ = {isa = PBXFileReference; fileEncoding = 4; lastKnownFileType = sourcecode.swift; path = QuoteTableViewCell.swift; sourceTree = "<group>"; };
		E24B7C5F1ADADEFE0026E63B /* QuoteModel.swift */ = {isa = PBXFileReference; fileEncoding = 4; lastKnownFileType = sourcecode.swift; path = QuoteModel.swift; sourceTree = "<group>"; };
		E24B7C611ADB17A30026E63B /* carrierName1.png */ = {isa = PBXFileReference; lastKnownFileType = image.png; path = carrierName1.png; sourceTree = "<group>"; };
		E24B7C621ADB17A30026E63B /* carrierName2.png */ = {isa = PBXFileReference; lastKnownFileType = image.png; path = carrierName2.png; sourceTree = "<group>"; };
		E2A3E05A1C48129C00733815 /* Alamofire.xcodeproj */ = {isa = PBXFileReference; lastKnownFileType = "wrapper.pb-project"; name = Alamofire.xcodeproj; path = "Alamofire-master/Alamofire.xcodeproj"; sourceTree = "<group>"; };
		E2B995761AFCA6A20031255F /* RequestFormTableViewController.swift */ = {isa = PBXFileReference; fileEncoding = 4; lastKnownFileType = sourcecode.swift; path = RequestFormTableViewController.swift; sourceTree = "<group>"; };
		E2D1C5761AE512FE00DBB3A8 /* RequestModel.swift */ = {isa = PBXFileReference; fileEncoding = 4; lastKnownFileType = sourcecode.swift; path = RequestModel.swift; sourceTree = "<group>"; };
		E2DD42DD1AF6413700A4F51D /* LoginViewController.swift */ = {isa = PBXFileReference; fileEncoding = 4; lastKnownFileType = sourcecode.swift; path = LoginViewController.swift; sourceTree = "<group>"; };
		E2DD42DF1AF6474800A4F51D /* SignUpViewController.swift */ = {isa = PBXFileReference; fileEncoding = 4; lastKnownFileType = sourcecode.swift; path = SignUpViewController.swift; sourceTree = "<group>"; };
		E2EDCB2A1AFE0B6D0015D241 /* DetailTableViewController.swift */ = {isa = PBXFileReference; fileEncoding = 4; lastKnownFileType = sourcecode.swift; path = DetailTableViewController.swift; sourceTree = "<group>"; };
		E2EF572D1C4EC2AE00F81274 /* QuoteManager.swift */ = {isa = PBXFileReference; fileEncoding = 4; lastKnownFileType = sourcecode.swift; path = QuoteManager.swift; sourceTree = "<group>"; };
		E2EF57351C4EC58C00F81274 /* ManagerViewController.swift */ = {isa = PBXFileReference; fileEncoding = 4; lastKnownFileType = sourcecode.swift; path = ManagerViewController.swift; sourceTree = "<group>"; };
		E2EF57371C53A10100F81274 /* DellinCarrierModel.swift */ = {isa = PBXFileReference; fileEncoding = 4; lastKnownFileType = sourcecode.swift; path = DellinCarrierModel.swift; sourceTree = "<group>"; };
		E2FAC33C1C4B8FF0007B48AD /* TestFeaturesViewController.swift */ = {isa = PBXFileReference; fileEncoding = 4; lastKnownFileType = sourcecode.swift; path = TestFeaturesViewController.swift; sourceTree = "<group>"; };
		E2FAC3481C4D15E0007B48AD /* Request.swift */ = {isa = PBXFileReference; fileEncoding = 4; lastKnownFileType = sourcecode.swift; path = Request.swift; sourceTree = "<group>"; };
		E2FAC34A1C4D17AE007B48AD /* QuoteProviderProtocol.swift */ = {isa = PBXFileReference; fileEncoding = 4; lastKnownFileType = sourcecode.swift; path = QuoteProviderProtocol.swift; sourceTree = "<group>"; };
		E2FAC34C1C4D19CC007B48AD /* Quote.swift */ = {isa = PBXFileReference; fileEncoding = 4; lastKnownFileType = sourcecode.swift; path = Quote.swift; sourceTree = "<group>"; };
		E2FAC34E1C4D2493007B48AD /* Carrier.swift */ = {isa = PBXFileReference; fileEncoding = 4; lastKnownFileType = sourcecode.swift; path = Carrier.swift; sourceTree = "<group>"; };
		E2FAC3501C4D2B72007B48AD /* PecomCarrierModel.swift */ = {isa = PBXFileReference; fileEncoding = 4; lastKnownFileType = sourcecode.swift; path = PecomCarrierModel.swift; sourceTree = "<group>"; };
/* End PBXFileReference section */

/* Begin PBXFrameworksBuildPhase section */
		E23D2E001AD3E8CF00C873FD /* Frameworks */ = {
			isa = PBXFrameworksBuildPhase;
			buildActionMask = 2147483647;
			files = (
				D996B9FC54D4D0192FE6494C /* libPods-YOUTIR.a in Frameworks */,
				E2A3E0721C48138B00733815 /* Alamofire.framework in Frameworks */,
			);
			runOnlyForDeploymentPostprocessing = 0;
		};
		E23D2E151AD3E8CF00C873FD /* Frameworks */ = {
			isa = PBXFrameworksBuildPhase;
			buildActionMask = 2147483647;
			files = (
			);
			runOnlyForDeploymentPostprocessing = 0;
		};
/* End PBXFrameworksBuildPhase section */

/* Begin PBXGroup section */
		6284F61F5EA6DF5651D304A0 /* Frameworks */ = {
			isa = PBXGroup;
			children = (
				B990248AF1ACC8ECBAD8DEB9 /* libPods-YOUTIR.a */,
			);
			name = Frameworks;
			sourceTree = "<group>";
		};
		956DD7A46C8C9EBC59BD7145 /* Pods */ = {
			isa = PBXGroup;
			children = (
				82D2AAB7B27B62E3E8999983 /* Pods-YOUTIR.debug.xcconfig */,
				B1A9AAD46699B2AC02EBFC88 /* Pods-YOUTIR.release.xcconfig */,
			);
			name = Pods;
			sourceTree = "<group>";
		};
		E23D2DFA1AD3E8CF00C873FD = {
			isa = PBXGroup;
			children = (
				E2A3E05A1C48129C00733815 /* Alamofire.xcodeproj */,
				E23D2E051AD3E8CF00C873FD /* YOUTIR */,
				E23D2E1B1AD3E8CF00C873FD /* YOUTIRTests */,
				E23D2E041AD3E8CF00C873FD /* Products */,
				956DD7A46C8C9EBC59BD7145 /* Pods */,
				6284F61F5EA6DF5651D304A0 /* Frameworks */,
			);
			sourceTree = "<group>";
		};
		E23D2E041AD3E8CF00C873FD /* Products */ = {
			isa = PBXGroup;
			children = (
				E23D2E031AD3E8CF00C873FD /* YOUTIR.app */,
				E23D2E181AD3E8CF00C873FD /* YOUTIRTests.xctest */,
			);
			name = Products;
			sourceTree = "<group>";
		};
		E23D2E051AD3E8CF00C873FD /* YOUTIR */ = {
			isa = PBXGroup;
			children = (
				E23D2E081AD3E8CF00C873FD /* AppDelegate.swift */,
				E2B995761AFCA6A20031255F /* RequestFormTableViewController.swift */,
				E24B7C5B1AD9AAB20026E63B /* QuotesFeedViewController.swift */,
				E24B7C5D1ADA9EE90026E63B /* QuoteTableViewCell.swift */,
				E2EDCB2A1AFE0B6D0015D241 /* DetailTableViewController.swift */,
				E2DD42DD1AF6413700A4F51D /* LoginViewController.swift */,
				E2DD42DF1AF6474800A4F51D /* SignUpViewController.swift */,
				E24B7C611ADB17A30026E63B /* carrierName1.png */,
				E24B7C621ADB17A30026E63B /* carrierName2.png */,
				E23D2E0C1AD3E8CF00C873FD /* Main.storyboard */,
				E23D2E0F1AD3E8CF00C873FD /* Images.xcassets */,
				E23D2E111AD3E8CF00C873FD /* LaunchScreen.xib */,
				E24B7C5F1ADADEFE0026E63B /* QuoteModel.swift */,
				E2FAC34C1C4D19CC007B48AD /* Quote.swift */,
				E2D1C5761AE512FE00DBB3A8 /* RequestModel.swift */,
				E2FAC3481C4D15E0007B48AD /* Request.swift */,
				E234771A1AEFB88E00ADE6C4 /* CarrierModel.swift */,
				E2FAC34E1C4D2493007B48AD /* Carrier.swift */,
				E2FAC3501C4D2B72007B48AD /* PecomCarrierModel.swift */,
				E2EF57371C53A10100F81274 /* DellinCarrierModel.swift */,
				E2FAC34A1C4D17AE007B48AD /* QuoteProviderProtocol.swift */,
				E2EF572D1C4EC2AE00F81274 /* QuoteManager.swift */,
				E23D2E061AD3E8CF00C873FD /* Supporting Files */,
				E23D2E421AD3FA5700C873FD /* YOUTIR-Bridging-Header.h */,
				E2FAC33C1C4B8FF0007B48AD /* TestFeaturesViewController.swift */,
				E2EF57351C4EC58C00F81274 /* ManagerViewController.swift */,
				E234771E1AF12DFC00ADE6C4 /* Comments.swift */,
			);
			path = YOUTIR;
			sourceTree = "<group>";
		};
		E23D2E061AD3E8CF00C873FD /* Supporting Files */ = {
			isa = PBXGroup;
			children = (
				E23D2E071AD3E8CF00C873FD /* Info.plist */,
			);
			name = "Supporting Files";
			sourceTree = "<group>";
		};
		E23D2E1B1AD3E8CF00C873FD /* YOUTIRTests */ = {
			isa = PBXGroup;
			children = (
				E23D2E1E1AD3E8CF00C873FD /* YOUTIRTests.swift */,
				E23D2E1C1AD3E8CF00C873FD /* Supporting Files */,
			);
			path = YOUTIRTests;
			sourceTree = "<group>";
		};
		E23D2E1C1AD3E8CF00C873FD /* Supporting Files */ = {
			isa = PBXGroup;
			children = (
				E23D2E1D1AD3E8CF00C873FD /* Info.plist */,
			);
			name = "Supporting Files";
			sourceTree = "<group>";
		};
		E2A3E05B1C48129C00733815 /* Products */ = {
			isa = PBXGroup;
			children = (
				E2A3E0651C48129C00733815 /* Alamofire.framework */,
				E2A3E0671C48129C00733815 /* Alamofire iOS Tests.xctest */,
				E2A3E0691C48129C00733815 /* Alamofire.framework */,
				E2A3E06B1C48129C00733815 /* Alamofire OSX Tests.xctest */,
				E2A3E06D1C48129C00733815 /* Alamofire.framework */,
				E2A3E06F1C48129C00733815 /* Alamofire tvOS Tests.xctest */,
				E2A3E0711C48129C00733815 /* Alamofire.framework */,
			);
			name = Products;
			sourceTree = "<group>";
		};
/* End PBXGroup section */

/* Begin PBXNativeTarget section */
		E23D2E021AD3E8CF00C873FD /* YOUTIR */ = {
			isa = PBXNativeTarget;
			buildConfigurationList = E23D2E221AD3E8CF00C873FD /* Build configuration list for PBXNativeTarget "YOUTIR" */;
			buildPhases = (
				7636EB7EC2C3CCF7416F4AF2 /* Check Pods Manifest.lock */,
				E23D2DFF1AD3E8CF00C873FD /* Sources */,
				E23D2E001AD3E8CF00C873FD /* Frameworks */,
				E23D2E011AD3E8CF00C873FD /* Resources */,
				40BD897CC14662298FBD572A /* Copy Pods Resources */,
				8EB77860275557B9EC828AD5 /* Embed Pods Frameworks */,
				E2A3E0761C48138C00733815 /* Embed Frameworks */,
			);
			buildRules = (
			);
			dependencies = (
				E2A3E0751C48138B00733815 /* PBXTargetDependency */,
			);
			name = YOUTIR;
			productName = YOUTIR;
			productReference = E23D2E031AD3E8CF00C873FD /* YOUTIR.app */;
			productType = "com.apple.product-type.application";
		};
		E23D2E171AD3E8CF00C873FD /* YOUTIRTests */ = {
			isa = PBXNativeTarget;
			buildConfigurationList = E23D2E251AD3E8CF00C873FD /* Build configuration list for PBXNativeTarget "YOUTIRTests" */;
			buildPhases = (
				E23D2E141AD3E8CF00C873FD /* Sources */,
				E23D2E151AD3E8CF00C873FD /* Frameworks */,
				E23D2E161AD3E8CF00C873FD /* Resources */,
			);
			buildRules = (
			);
			dependencies = (
				E23D2E1A1AD3E8CF00C873FD /* PBXTargetDependency */,
			);
			name = YOUTIRTests;
			productName = YOUTIRTests;
			productReference = E23D2E181AD3E8CF00C873FD /* YOUTIRTests.xctest */;
			productType = "com.apple.product-type.bundle.unit-test";
		};
/* End PBXNativeTarget section */

/* Begin PBXProject section */
		E23D2DFB1AD3E8CF00C873FD /* Project object */ = {
			isa = PBXProject;
			attributes = {
				LastSwiftMigration = 0720;
				LastSwiftUpdateCheck = 0720;
				LastUpgradeCheck = 0620;
				ORGANIZATIONNAME = "YOUTIR LLC";
				TargetAttributes = {
					E23D2E021AD3E8CF00C873FD = {
						CreatedOnToolsVersion = 6.2;
					};
					E23D2E171AD3E8CF00C873FD = {
						CreatedOnToolsVersion = 6.2;
						TestTargetID = E23D2E021AD3E8CF00C873FD;
					};
				};
			};
			buildConfigurationList = E23D2DFE1AD3E8CF00C873FD /* Build configuration list for PBXProject "YOUTIR" */;
			compatibilityVersion = "Xcode 3.2";
			developmentRegion = English;
			hasScannedForEncodings = 0;
			knownRegions = (
				en,
				Base,
			);
			mainGroup = E23D2DFA1AD3E8CF00C873FD;
			productRefGroup = E23D2E041AD3E8CF00C873FD /* Products */;
			projectDirPath = "";
			projectReferences = (
				{
					ProductGroup = E2A3E05B1C48129C00733815 /* Products */;
					ProjectRef = E2A3E05A1C48129C00733815 /* Alamofire.xcodeproj */;
				},
			);
			projectRoot = "";
			targets = (
				E23D2E021AD3E8CF00C873FD /* YOUTIR */,
				E23D2E171AD3E8CF00C873FD /* YOUTIRTests */,
			);
		};
/* End PBXProject section */

/* Begin PBXReferenceProxy section */
		E2A3E0651C48129C00733815 /* Alamofire.framework */ = {
			isa = PBXReferenceProxy;
			fileType = wrapper.framework;
			path = Alamofire.framework;
			remoteRef = E2A3E0641C48129C00733815 /* PBXContainerItemProxy */;
			sourceTree = BUILT_PRODUCTS_DIR;
		};
		E2A3E0671C48129C00733815 /* Alamofire iOS Tests.xctest */ = {
			isa = PBXReferenceProxy;
			fileType = wrapper.cfbundle;
			path = "Alamofire iOS Tests.xctest";
			remoteRef = E2A3E0661C48129C00733815 /* PBXContainerItemProxy */;
			sourceTree = BUILT_PRODUCTS_DIR;
		};
		E2A3E0691C48129C00733815 /* Alamofire.framework */ = {
			isa = PBXReferenceProxy;
			fileType = wrapper.framework;
			path = Alamofire.framework;
			remoteRef = E2A3E0681C48129C00733815 /* PBXContainerItemProxy */;
			sourceTree = BUILT_PRODUCTS_DIR;
		};
		E2A3E06B1C48129C00733815 /* Alamofire OSX Tests.xctest */ = {
			isa = PBXReferenceProxy;
			fileType = wrapper.cfbundle;
			path = "Alamofire OSX Tests.xctest";
			remoteRef = E2A3E06A1C48129C00733815 /* PBXContainerItemProxy */;
			sourceTree = BUILT_PRODUCTS_DIR;
		};
		E2A3E06D1C48129C00733815 /* Alamofire.framework */ = {
			isa = PBXReferenceProxy;
			fileType = wrapper.framework;
			path = Alamofire.framework;
			remoteRef = E2A3E06C1C48129C00733815 /* PBXContainerItemProxy */;
			sourceTree = BUILT_PRODUCTS_DIR;
		};
		E2A3E06F1C48129C00733815 /* Alamofire tvOS Tests.xctest */ = {
			isa = PBXReferenceProxy;
			fileType = wrapper.cfbundle;
			path = "Alamofire tvOS Tests.xctest";
			remoteRef = E2A3E06E1C48129C00733815 /* PBXContainerItemProxy */;
			sourceTree = BUILT_PRODUCTS_DIR;
		};
		E2A3E0711C48129C00733815 /* Alamofire.framework */ = {
			isa = PBXReferenceProxy;
			fileType = wrapper.framework;
			path = Alamofire.framework;
			remoteRef = E2A3E0701C48129C00733815 /* PBXContainerItemProxy */;
			sourceTree = BUILT_PRODUCTS_DIR;
		};
/* End PBXReferenceProxy section */

/* Begin PBXResourcesBuildPhase section */
		E23D2E011AD3E8CF00C873FD /* Resources */ = {
			isa = PBXResourcesBuildPhase;
			buildActionMask = 2147483647;
			files = (
				E23D2E0E1AD3E8CF00C873FD /* Main.storyboard in Resources */,
				E24B7C641ADB17A30026E63B /* carrierName2.png in Resources */,
				E24B7C631ADB17A30026E63B /* carrierName1.png in Resources */,
				E23D2E131AD3E8CF00C873FD /* LaunchScreen.xib in Resources */,
				E23D2E101AD3E8CF00C873FD /* Images.xcassets in Resources */,
			);
			runOnlyForDeploymentPostprocessing = 0;
		};
		E23D2E161AD3E8CF00C873FD /* Resources */ = {
			isa = PBXResourcesBuildPhase;
			buildActionMask = 2147483647;
			files = (
			);
			runOnlyForDeploymentPostprocessing = 0;
		};
/* End PBXResourcesBuildPhase section */

/* Begin PBXShellScriptBuildPhase section */
		40BD897CC14662298FBD572A /* Copy Pods Resources */ = {
			isa = PBXShellScriptBuildPhase;
			buildActionMask = 2147483647;
			files = (
			);
			inputPaths = (
			);
			name = "Copy Pods Resources";
			outputPaths = (
			);
			runOnlyForDeploymentPostprocessing = 0;
			shellPath = /bin/sh;
			shellScript = "\"${SRCROOT}/Pods/Target Support Files/Pods-YOUTIR/Pods-YOUTIR-resources.sh\"\n";
			showEnvVarsInLog = 0;
		};
		7636EB7EC2C3CCF7416F4AF2 /* Check Pods Manifest.lock */ = {
			isa = PBXShellScriptBuildPhase;
			buildActionMask = 2147483647;
			files = (
			);
			inputPaths = (
			);
			name = "Check Pods Manifest.lock";
			outputPaths = (
			);
			runOnlyForDeploymentPostprocessing = 0;
			shellPath = /bin/sh;
			shellScript = "diff \"${PODS_ROOT}/../Podfile.lock\" \"${PODS_ROOT}/Manifest.lock\" > /dev/null\nif [[ $? != 0 ]] ; then\n    cat << EOM\nerror: The sandbox is not in sync with the Podfile.lock. Run 'pod install' or update your CocoaPods installation.\nEOM\n    exit 1\nfi\n";
			showEnvVarsInLog = 0;
		};
		8EB77860275557B9EC828AD5 /* Embed Pods Frameworks */ = {
			isa = PBXShellScriptBuildPhase;
			buildActionMask = 2147483647;
			files = (
			);
			inputPaths = (
			);
			name = "Embed Pods Frameworks";
			outputPaths = (
			);
			runOnlyForDeploymentPostprocessing = 0;
			shellPath = /bin/sh;
			shellScript = "\"${SRCROOT}/Pods/Target Support Files/Pods-YOUTIR/Pods-YOUTIR-frameworks.sh\"\n";
			showEnvVarsInLog = 0;
		};
/* End PBXShellScriptBuildPhase section */

/* Begin PBXSourcesBuildPhase section */
		E23D2DFF1AD3E8CF00C873FD /* Sources */ = {
			isa = PBXSourcesBuildPhase;
			buildActionMask = 2147483647;
			files = (
				E2DD42E01AF6474800A4F51D /* SignUpViewController.swift in Sources */,
				E2FAC34B1C4D17AE007B48AD /* QuoteProviderProtocol.swift in Sources */,
				E24B7C601ADADEFE0026E63B /* QuoteModel.swift in Sources */,
				E24B7C5E1ADA9EE90026E63B /* QuoteTableViewCell.swift in Sources */,
				E2EF57381C53A10100F81274 /* DellinCarrierModel.swift in Sources */,
				E234771F1AF12DFC00ADE6C4 /* Comments.swift in Sources */,
				E2FAC33D1C4B8FF0007B48AD /* TestFeaturesViewController.swift in Sources */,
				E2EF57361C4EC58C00F81274 /* ManagerViewController.swift in Sources */,
				E23D2E091AD3E8CF00C873FD /* AppDelegate.swift in Sources */,
				E2D1C5771AE512FE00DBB3A8 /* RequestModel.swift in Sources */,
				E2FAC3491C4D15E0007B48AD /* Request.swift in Sources */,
				E2EF572E1C4EC2AE00F81274 /* QuoteManager.swift in Sources */,
				E234771B1AEFB88E00ADE6C4 /* CarrierModel.swift in Sources */,
				E2FAC3511C4D2B72007B48AD /* PecomCarrierModel.swift in Sources */,
				E2FAC34D1C4D19CC007B48AD /* Quote.swift in Sources */,
				E2FAC34F1C4D2493007B48AD /* Carrier.swift in Sources */,
				E2EDCB2B1AFE0B6D0015D241 /* DetailTableViewController.swift in Sources */,
				E2DD42DE1AF6413700A4F51D /* LoginViewController.swift in Sources */,
				E24B7C5C1AD9AAB20026E63B /* QuotesFeedViewController.swift in Sources */,
				E2B995771AFCA6A20031255F /* RequestFormTableViewController.swift in Sources */,
			);
			runOnlyForDeploymentPostprocessing = 0;
		};
		E23D2E141AD3E8CF00C873FD /* Sources */ = {
			isa = PBXSourcesBuildPhase;
			buildActionMask = 2147483647;
			files = (
				E23D2E1F1AD3E8CF00C873FD /* YOUTIRTests.swift in Sources */,
			);
			runOnlyForDeploymentPostprocessing = 0;
		};
/* End PBXSourcesBuildPhase section */

/* Begin PBXTargetDependency section */
		E23D2E1A1AD3E8CF00C873FD /* PBXTargetDependency */ = {
			isa = PBXTargetDependency;
			target = E23D2E021AD3E8CF00C873FD /* YOUTIR */;
			targetProxy = E23D2E191AD3E8CF00C873FD /* PBXContainerItemProxy */;
		};
		E2A3E0751C48138B00733815 /* PBXTargetDependency */ = {
			isa = PBXTargetDependency;
			name = "Alamofire iOS";
			targetProxy = E2A3E0741C48138B00733815 /* PBXContainerItemProxy */;
		};
/* End PBXTargetDependency section */

/* Begin PBXVariantGroup section */
		E23D2E0C1AD3E8CF00C873FD /* Main.storyboard */ = {
			isa = PBXVariantGroup;
			children = (
				E23D2E0D1AD3E8CF00C873FD /* Base */,
			);
			name = Main.storyboard;
			sourceTree = "<group>";
		};
		E23D2E111AD3E8CF00C873FD /* LaunchScreen.xib */ = {
			isa = PBXVariantGroup;
			children = (
				E23D2E121AD3E8CF00C873FD /* Base */,
			);
			name = LaunchScreen.xib;
			sourceTree = "<group>";
		};
/* End PBXVariantGroup section */

/* Begin XCBuildConfiguration section */
		E23D2E201AD3E8CF00C873FD /* Debug */ = {
			isa = XCBuildConfiguration;
			buildSettings = {
				ALWAYS_SEARCH_USER_PATHS = NO;
				CLANG_CXX_LANGUAGE_STANDARD = "gnu++0x";
				CLANG_CXX_LIBRARY = "libc++";
				CLANG_ENABLE_MODULES = YES;
				CLANG_ENABLE_OBJC_ARC = YES;
				CLANG_WARN_BOOL_CONVERSION = YES;
				CLANG_WARN_CONSTANT_CONVERSION = YES;
				CLANG_WARN_DIRECT_OBJC_ISA_USAGE = YES_ERROR;
				CLANG_WARN_EMPTY_BODY = YES;
				CLANG_WARN_ENUM_CONVERSION = YES;
				CLANG_WARN_INT_CONVERSION = YES;
				CLANG_WARN_OBJC_ROOT_CLASS = YES_ERROR;
				CLANG_WARN_UNREACHABLE_CODE = YES;
				CLANG_WARN__DUPLICATE_METHOD_MATCH = YES;
				"CODE_SIGN_IDENTITY[sdk=iphoneos*]" = "iPhone Developer";
				COPY_PHASE_STRIP = NO;
				ENABLE_STRICT_OBJC_MSGSEND = YES;
				GCC_C_LANGUAGE_STANDARD = gnu99;
				GCC_DYNAMIC_NO_PIC = NO;
				GCC_OPTIMIZATION_LEVEL = 0;
				GCC_PREPROCESSOR_DEFINITIONS = (
					"DEBUG=1",
					"$(inherited)",
				);
				GCC_SYMBOLS_PRIVATE_EXTERN = NO;
				GCC_WARN_64_TO_32_BIT_CONVERSION = YES;
				GCC_WARN_ABOUT_RETURN_TYPE = YES_ERROR;
				GCC_WARN_UNDECLARED_SELECTOR = YES;
				GCC_WARN_UNINITIALIZED_AUTOS = YES_AGGRESSIVE;
				GCC_WARN_UNUSED_FUNCTION = YES;
				GCC_WARN_UNUSED_VARIABLE = YES;
				IPHONEOS_DEPLOYMENT_TARGET = 8.2;
				MTL_ENABLE_DEBUG_INFO = YES;
				ONLY_ACTIVE_ARCH = YES;
				SDKROOT = iphoneos;
				SWIFT_OPTIMIZATION_LEVEL = "-Onone";
			};
			name = Debug;
		};
		E23D2E211AD3E8CF00C873FD /* Release */ = {
			isa = XCBuildConfiguration;
			buildSettings = {
				ALWAYS_SEARCH_USER_PATHS = NO;
				CLANG_CXX_LANGUAGE_STANDARD = "gnu++0x";
				CLANG_CXX_LIBRARY = "libc++";
				CLANG_ENABLE_MODULES = YES;
				CLANG_ENABLE_OBJC_ARC = YES;
				CLANG_WARN_BOOL_CONVERSION = YES;
				CLANG_WARN_CONSTANT_CONVERSION = YES;
				CLANG_WARN_DIRECT_OBJC_ISA_USAGE = YES_ERROR;
				CLANG_WARN_EMPTY_BODY = YES;
				CLANG_WARN_ENUM_CONVERSION = YES;
				CLANG_WARN_INT_CONVERSION = YES;
				CLANG_WARN_OBJC_ROOT_CLASS = YES_ERROR;
				CLANG_WARN_UNREACHABLE_CODE = YES;
				CLANG_WARN__DUPLICATE_METHOD_MATCH = YES;
				"CODE_SIGN_IDENTITY[sdk=iphoneos*]" = "iPhone Developer";
				COPY_PHASE_STRIP = NO;
				ENABLE_NS_ASSERTIONS = NO;
				ENABLE_STRICT_OBJC_MSGSEND = YES;
				GCC_C_LANGUAGE_STANDARD = gnu99;
				GCC_WARN_64_TO_32_BIT_CONVERSION = YES;
				GCC_WARN_ABOUT_RETURN_TYPE = YES_ERROR;
				GCC_WARN_UNDECLARED_SELECTOR = YES;
				GCC_WARN_UNINITIALIZED_AUTOS = YES_AGGRESSIVE;
				GCC_WARN_UNUSED_FUNCTION = YES;
				GCC_WARN_UNUSED_VARIABLE = YES;
				IPHONEOS_DEPLOYMENT_TARGET = 8.2;
				MTL_ENABLE_DEBUG_INFO = NO;
				SDKROOT = iphoneos;
				VALIDATE_PRODUCT = YES;
			};
			name = Release;
		};
		E23D2E231AD3E8CF00C873FD /* Debug */ = {
			isa = XCBuildConfiguration;
			baseConfigurationReference = 82D2AAB7B27B62E3E8999983 /* Pods-YOUTIR.debug.xcconfig */;
			buildSettings = {
				ASSETCATALOG_COMPILER_APPICON_NAME = AppIcon;
				CLANG_ENABLE_MODULES = YES;
				EMBEDDED_CONTENT_CONTAINS_SWIFT = YES;
				FRAMEWORK_SEARCH_PATHS = (
					"$(inherited)",
					"$(PROJECT_DIR)/YOUTIR",
				);
				INFOPLIST_FILE = YOUTIR/Info.plist;
				IPHONEOS_DEPLOYMENT_TARGET = 8.3;
				LD_RUNPATH_SEARCH_PATHS = "$(inherited) @executable_path/Frameworks";
				PRODUCT_NAME = "$(TARGET_NAME)";
				SWIFT_OBJC_BRIDGING_HEADER = "YOUTIR/YOUTIR-Bridging-Header.h";
				SWIFT_OPTIMIZATION_LEVEL = "-Onone";
			};
			name = Debug;
		};
		E23D2E241AD3E8CF00C873FD /* Release */ = {
			isa = XCBuildConfiguration;
			baseConfigurationReference = B1A9AAD46699B2AC02EBFC88 /* Pods-YOUTIR.release.xcconfig */;
			buildSettings = {
				ASSETCATALOG_COMPILER_APPICON_NAME = AppIcon;
				CLANG_ENABLE_MODULES = YES;
				EMBEDDED_CONTENT_CONTAINS_SWIFT = YES;
				FRAMEWORK_SEARCH_PATHS = (
					"$(inherited)",
					"$(PROJECT_DIR)/YOUTIR",
				);
				INFOPLIST_FILE = YOUTIR/Info.plist;
				IPHONEOS_DEPLOYMENT_TARGET = 8.3;
				LD_RUNPATH_SEARCH_PATHS = "$(inherited) @executable_path/Frameworks";
				PRODUCT_NAME = "$(TARGET_NAME)";
				SWIFT_OBJC_BRIDGING_HEADER = "YOUTIR/YOUTIR-Bridging-Header.h";
			};
			name = Release;
		};
		E23D2E261AD3E8CF00C873FD /* Debug */ = {
			isa = XCBuildConfiguration;
			buildSettings = {
				BUNDLE_LOADER = "$(TEST_HOST)";
				FRAMEWORK_SEARCH_PATHS = (
					"$(SDKROOT)/Developer/Library/Frameworks",
					"$(inherited)",
				);
				GCC_PREPROCESSOR_DEFINITIONS = (
					"DEBUG=1",
					"$(inherited)",
				);
				INFOPLIST_FILE = YOUTIRTests/Info.plist;
				LD_RUNPATH_SEARCH_PATHS = "$(inherited) @executable_path/Frameworks @loader_path/Frameworks";
				PRODUCT_NAME = "$(TARGET_NAME)";
				TEST_HOST = "$(BUILT_PRODUCTS_DIR)/YOUTIR.app/YOUTIR";
			};
			name = Debug;
		};
		E23D2E271AD3E8CF00C873FD /* Release */ = {
			isa = XCBuildConfiguration;
			buildSettings = {
				BUNDLE_LOADER = "$(TEST_HOST)";
				FRAMEWORK_SEARCH_PATHS = (
					"$(SDKROOT)/Developer/Library/Frameworks",
					"$(inherited)",
				);
				INFOPLIST_FILE = YOUTIRTests/Info.plist;
				LD_RUNPATH_SEARCH_PATHS = "$(inherited) @executable_path/Frameworks @loader_path/Frameworks";
				PRODUCT_NAME = "$(TARGET_NAME)";
				TEST_HOST = "$(BUILT_PRODUCTS_DIR)/YOUTIR.app/YOUTIR";
			};
			name = Release;
		};
/* End XCBuildConfiguration section */

/* Begin XCConfigurationList section */
		E23D2DFE1AD3E8CF00C873FD /* Build configuration list for PBXProject "YOUTIR" */ = {
			isa = XCConfigurationList;
			buildConfigurations = (
				E23D2E201AD3E8CF00C873FD /* Debug */,
				E23D2E211AD3E8CF00C873FD /* Release */,
			);
			defaultConfigurationIsVisible = 0;
			defaultConfigurationName = Release;
		};
		E23D2E221AD3E8CF00C873FD /* Build configuration list for PBXNativeTarget "YOUTIR" */ = {
			isa = XCConfigurationList;
			buildConfigurations = (
				E23D2E231AD3E8CF00C873FD /* Debug */,
				E23D2E241AD3E8CF00C873FD /* Release */,
			);
			defaultConfigurationIsVisible = 0;
			defaultConfigurationName = Release;
		};
		E23D2E251AD3E8CF00C873FD /* Build configuration list for PBXNativeTarget "YOUTIRTests" */ = {
			isa = XCConfigurationList;
			buildConfigurations = (
				E23D2E261AD3E8CF00C873FD /* Debug */,
				E23D2E271AD3E8CF00C873FD /* Release */,
			);
			defaultConfigurationIsVisible = 0;
			defaultConfigurationName = Release;
		};
/* End XCConfigurationList section */
	};
	rootObject = E23D2DFB1AD3E8CF00C873FD /* Project object */;
}
